{
	"name": "@girin/mediaservice",
	"version": "0.5.2-alpha.0",
	"lockfileVersion": 1,
	"requires": true,
	"dependencies": {
		"graphql-iso-date": {
			"version": "3.6.1",
			"resolved": "https://registry.npmjs.org/graphql-iso-date/-/graphql-iso-date-3.6.1.tgz",
			"integrity": "sha512-AwFGIuYMJQXOEAgRlJlFL4H1ncFM8n8XmoVDTNypNOZyQ8LFDG2ppMFlsS862BSTCDcSUfHp8PD3/uJhv7t59Q=="
		},
		"uuid": {
			"version": "3.3.2",
			"resolved": "https://registry.npmjs.org/uuid/-/uuid-3.3.2.tgz",
			"integrity": "sha512-yXJmeNaw3DnnKAOKJE51sL/ZaYfWJRl1pK9dr19YFCu0ObS231AB1/LbqTKRAQ5kw8A90rA6fr4riOUpTZvQZA=="
		}
	}
}
