{
	"name": "@girin/media",
	"version": "0.5.0-alpha.4",
	"lockfileVersion": 1,
	"requires": true,
	"dependencies": {
		"graphql-iso-date": {
			"version": "3.6.1",
			"resolved": "https://registry.npmjs.org/graphql-iso-date/-/graphql-iso-date-3.6.1.tgz",
			"integrity": "sha512-AwFGIuYMJQXOEAgRlJlFL4H1ncFM8n8XmoVDTNypNOZyQ8LFDG2ppMFlsS862BSTCDcSUfHp8PD3/uJhv7t59Q=="
		}
	}
}
