{
  "name": "girin-relay",
  "version": "0.3.3",
  "lockfileVersion": 1,
  "requires": true,
  "dependencies": {
    "@types/graphql": {
      "version": "0.12.3",
      "resolved": "https://registry.npmjs.org/@types/graphql/-/graphql-0.12.3.tgz",
      "integrity": "sha512-EgXr/1Uny6A2EguRKZrBWjMwjoomADBI6+sAe+RTYTFrAACIh575M20wnOr/o9IJOcFaiR6vBUiR72MBsK+oNQ==",
      "dev": true
    },
    "@types/graphql-relay": {
      "version": "0.4.3",
      "resolved": "https://registry.npmjs.org/@types/graphql-relay/-/graphql-relay-0.4.3.tgz",
      "integrity": "sha512-ANcZJyMX7ZJmV4Pko14Q/Ndn768fIaZe0yM6s4fRnxBdkjkC7ECO0nSKyiwotwnh2bqIAY3b2WBUIXYwxup9OA==",
      "dev": true,
      "requires": {
        "@types/graphql": "*"
      }
    },
    "girin": {
      "version": "0.3.3",
      "resolved": "https://registry.npmjs.org/girin/-/girin-0.3.3.tgz",
      "integrity": "sha512-Ne/D97kJnf5oUS6NgdCOzMz7GvggUqP571C9FkDiu30dAqWjdyinAUEeDjY1YnDHKnv6X6SMJCUtZ2oyATP9wg=="
    },
    "graphql-relay": {
      "version": "0.5.5",
      "resolved": "https://registry.npmjs.org/graphql-relay/-/graphql-relay-0.5.5.tgz",
      "integrity": "sha1-1oFebt1hjoeNXZIcE/xmAz7IZ+I=",
      "dev": true
    }
  }
}
