{
  "requires": true,
  "lockfileVersion": 1,
  "dependencies": {
    "@types/graphql": {
      "version": "0.12.3",
      "resolved": "https://registry.npmjs.org/@types/graphql/-/graphql-0.12.3.tgz",
      "integrity": "sha512-EgXr/1Uny6A2EguRKZrBWjMwjoomADBI6+sAe+RTYTFrAACIh575M20wnOr/o9IJOcFaiR6vBUiR72MBsK+oNQ=="
    },
    "@types/graphql-relay": {
      "version": "0.4.3",
      "resolved": "https://registry.npmjs.org/@types/graphql-relay/-/graphql-relay-0.4.3.tgz",
      "integrity": "sha512-ANcZJyMX7ZJmV4Pko14Q/Ndn768fIaZe0yM6s4fRnxBdkjkC7ECO0nSKyiwotwnh2bqIAY3b2WBUIXYwxup9OA==",
      "requires": {
        "@types/graphql": "0.12.3"
      }
    },
    "graphql-relay": {
      "version": "0.5.4",
      "resolved": "https://registry.npmjs.org/graphql-relay/-/graphql-relay-0.5.4.tgz",
      "integrity": "sha1-WAUM/hYRhZX4KrOqv8l0VGznVag="
    }
  }
}
